
Microsoft Visual Studio Solution File, Format Version 12.00
# Visual Studio Version 16
VisualStudioVersion = 16.0.28809.33
MinimumVisualStudioVersion = 10.0.40219.1
Project("{FAE04EC0-301F-11D3-BF4B-00C04F79EFBC}") = "Core.DataBase", "Core.DataBase\Core.DataBase.csproj", "{E011A25B-4920-4F8E-8373-58EB9AFE8991}"
EndProject
Project("{FAE04EC0-301F-11D3-BF4B-00C04F79EFBC}") = "Core.DataBase.Tests", "Core.DataBase.Tests\Core.DataBase.Tests.csproj", "{06906C49-E38B-4899-B3BF-929010185F69}"
EndProject
Project("{FAE04EC0-301F-11D3-BF4B-00C04F79EFBC}") = "Core.DataBase.Tests.Mapping.Empty", "Core.DataBase.Tests.Mapping.Empty\Core.DataBase.Tests.Mapping.Empty.csproj", "{248E1780-F838-494C-BC20-D2D9C5EE3BB0}"
EndProject
Project("{FAE04EC0-301F-11D3-BF4B-00C04F79EFBC}") = "Core.DataBase.Tests.Mapping.OneClass.Id", "Core.DataBase.Tests.Mapping.OneClass.Id\Core.DataBase.Tests.Mapping.OneClass.Id.csproj", "{A39696FF-EC21-4173-8B19-04DC32A136F3}"
EndProject
Project("{FAE04EC0-301F-11D3-BF4B-00C04F79EFBC}") = "Core", "Core\Core.csproj", "{2CB4DC66-57B7-4D80-9C43-F3278BF76248}"
EndProject
Project("{FAE04EC0-301F-11D3-BF4B-00C04F79EFBC}") = "Core.DataBase.Tests.Mapping.OneClass.IdAndName", "Core.DataBase.Tests.Mapping.OneClass.IdAndName\Core.DataBase.Tests.Mapping.OneClass.IdAndName.csproj", "{03E94FF8-BA0E-4129-9F2E-DE733E3641D4}"
EndProject
Project("{FAE04EC0-301F-11D3-BF4B-00C04F79EFBC}") = "Core.Tests", "Core.Tests\Core.Tests.csproj", "{760B95CD-A280-4B45-9C90-AE7301C94961}"
EndProject
Project("{FAE04EC0-301F-11D3-BF4B-00C04F79EFBC}") = "Core.DataBase.WarThunder", "Core.DataBase.WarThunder\Core.DataBase.WarThunder.csproj", "{275FF668-2CDD-46C0-9595-6051004181C7}"
EndProject
Project("{FAE04EC0-301F-11D3-BF4B-00C04F79EFBC}") = "Core.DataBase.WarThunder.Tests", "Core.DataBase.WarThunder.Tests\Core.DataBase.WarThunder.Tests.csproj", "{3580E0B7-0FBE-4D8D-89C1-4C91F823C894}"
EndProject
Project("{2150E333-8FDC-42A3-9474-1A3956D46DE8}") = "Utility", "Utility", "{1D3F044B-5461-41C2-9392-D6C8E03EF23B}"
EndProject
Project("{FAE04EC0-301F-11D3-BF4B-00C04F79EFBC}") = "WarThunderSimpleUpdateChecker", "WarThunderSimpleUpdateChecker\WarThunderSimpleUpdateChecker.csproj", "{79981D41-15FD-4F80-8909-5BC78F0E09EB}"
EndProject
Project("{FAE04EC0-301F-11D3-BF4B-00C04F79EFBC}") = "Core.Json", "Core.Json\Core.Json.csproj", "{2B7A7D01-A40F-4086-8B2C-151E94B0B0B1}"
EndProject
Project("{FAE04EC0-301F-11D3-BF4B-00C04F79EFBC}") = "Core.Json.WarThunder", "Core.Json.WarThunder\Core.Json.WarThunder.csproj", "{80045B74-FC1D-433E-8F78-E2020A13D817}"
EndProject
Project("{FAE04EC0-301F-11D3-BF4B-00C04F79EFBC}") = "Core.Json.WarThunder.Tests", "Core.Json.WarThunder.Tests\Core.Json.WarThunder.Tests.csproj", "{492E3491-3D2B-404A-99AB-1BF7896680C6}"
EndProject
Project("{FAE04EC0-301F-11D3-BF4B-00C04F79EFBC}") = "Core.UnpackingToolsIntegration", "Core.UnpackingToolsIntegration\Core.UnpackingToolsIntegration.csproj", "{FC4D7BAD-D02F-4417-8E99-7B1E9B255F08}"
EndProject
Project("{FAE04EC0-301F-11D3-BF4B-00C04F79EFBC}") = "Core.UnpackingToolsIntegration.Tests", "Core.UnpackingToolsIntegration.Tests\Core.UnpackingToolsIntegration.Tests.csproj", "{5B2AAE48-6AB1-46B6-B9F1-0A7A071BF0D4}"
EndProject
Project("{FAE04EC0-301F-11D3-BF4B-00C04F79EFBC}") = "Core.IntegrationTests", "Core.IntegrationTests\Core.IntegrationTests.csproj", "{315966B6-2115-4CCD-AD3F-8E0D2C0051DD}"
EndProject
Project("{FAE04EC0-301F-11D3-BF4B-00C04F79EFBC}") = "Core.Json.Tests", "Core.Json.Tests\Core.Json.Tests.csproj", "{43EB404B-6A49-46C2-AD58-D8578FCB460A}"
EndProject
Project("{FAE04EC0-301F-11D3-BF4B-00C04F79EFBC}") = "Client.Console", "Client.Console\Client.Console.csproj", "{D8D8624D-4A74-4318-B261-686B9691EE6C}"
EndProject
Project("{FAE04EC0-301F-11D3-BF4B-00C04F79EFBC}") = "Core.Organization", "Core.Organization\Core.Organization.csproj", "{5642C09F-DBEA-4AFF-AC47-9434E455899E}"
EndProject
Project("{FAE04EC0-301F-11D3-BF4B-00C04F79EFBC}") = "Core.Randomization", "Core.Randomization\Core.Randomization.csproj", "{EEDBA9AA-9B38-44AE-9287-8BC8A204A3D8}"
EndProject
Project("{FAE04EC0-301F-11D3-BF4B-00C04F79EFBC}") = "Core.Randomization.Tests", "Core.Randomization.Tests\Core.Randomization.Tests.csproj", "{E4EC63E3-82EA-4F29-AE9A-1338EB447CD7}"
EndProject
Project("{FAE04EC0-301F-11D3-BF4B-00C04F79EFBC}") = "Core.Organization.Tests", "Core.Organization.Tests\Core.Organization.Tests.csproj", "{575943BA-01F6-4D97-9D58-5D8587C7F9EB}"
EndProject
Project("{2150E333-8FDC-42A3-9474-1A3956D46DE8}") = "Test Mapping Assemblies", "Test Mapping Assemblies", "{C1A2EAB9-D118-46C2-BD7B-07F5187347F5}"
EndProject
Project("{2150E333-8FDC-42A3-9474-1A3956D46DE8}") = "CoreClasses", "CoreClasses", "{77D5C878-C9C7-4CBD-8DBC-55EC95AEF83B}"
EndProject
Project("{2150E333-8FDC-42A3-9474-1A3956D46DE8}") = "Tests", "Tests", "{2166B7DB-002F-4F9D-A388-E6392EC099F4}"
EndProject
Project("{2150E333-8FDC-42A3-9474-1A3956D46DE8}") = "ClientClasses", "ClientClasses", "{0FCAFA2C-CCEC-4402-9A3D-B0336127AD32}"
EndProject
Global
	GlobalSection(SolutionConfigurationPlatforms) = preSolution
		Debug|Any CPU = Debug|Any CPU
		Release|Any CPU = Release|Any CPU
	EndGlobalSection
	GlobalSection(ProjectConfigurationPlatforms) = postSolution
		{E011A25B-4920-4F8E-8373-58EB9AFE8991}.Debug|Any CPU.ActiveCfg = Debug|Any CPU
		{E011A25B-4920-4F8E-8373-58EB9AFE8991}.Debug|Any CPU.Build.0 = Debug|Any CPU
		{E011A25B-4920-4F8E-8373-58EB9AFE8991}.Release|Any CPU.ActiveCfg = Release|Any CPU
		{E011A25B-4920-4F8E-8373-58EB9AFE8991}.Release|Any CPU.Build.0 = Release|Any CPU
		{06906C49-E38B-4899-B3BF-929010185F69}.Debug|Any CPU.ActiveCfg = Debug|Any CPU
		{06906C49-E38B-4899-B3BF-929010185F69}.Debug|Any CPU.Build.0 = Debug|Any CPU
		{06906C49-E38B-4899-B3BF-929010185F69}.Release|Any CPU.ActiveCfg = Release|Any CPU
		{06906C49-E38B-4899-B3BF-929010185F69}.Release|Any CPU.Build.0 = Release|Any CPU
		{248E1780-F838-494C-BC20-D2D9C5EE3BB0}.Debug|Any CPU.ActiveCfg = Debug|Any CPU
		{248E1780-F838-494C-BC20-D2D9C5EE3BB0}.Debug|Any CPU.Build.0 = Debug|Any CPU
		{248E1780-F838-494C-BC20-D2D9C5EE3BB0}.Release|Any CPU.ActiveCfg = Release|Any CPU
		{248E1780-F838-494C-BC20-D2D9C5EE3BB0}.Release|Any CPU.Build.0 = Release|Any CPU
		{A39696FF-EC21-4173-8B19-04DC32A136F3}.Debug|Any CPU.ActiveCfg = Debug|Any CPU
		{A39696FF-EC21-4173-8B19-04DC32A136F3}.Debug|Any CPU.Build.0 = Debug|Any CPU
		{A39696FF-EC21-4173-8B19-04DC32A136F3}.Release|Any CPU.ActiveCfg = Release|Any CPU
		{A39696FF-EC21-4173-8B19-04DC32A136F3}.Release|Any CPU.Build.0 = Release|Any CPU
		{2CB4DC66-57B7-4D80-9C43-F3278BF76248}.Debug|Any CPU.ActiveCfg = Debug|Any CPU
		{2CB4DC66-57B7-4D80-9C43-F3278BF76248}.Debug|Any CPU.Build.0 = Debug|Any CPU
		{2CB4DC66-57B7-4D80-9C43-F3278BF76248}.Release|Any CPU.ActiveCfg = Release|Any CPU
		{2CB4DC66-57B7-4D80-9C43-F3278BF76248}.Release|Any CPU.Build.0 = Release|Any CPU
		{03E94FF8-BA0E-4129-9F2E-DE733E3641D4}.Debug|Any CPU.ActiveCfg = Debug|Any CPU
		{03E94FF8-BA0E-4129-9F2E-DE733E3641D4}.Debug|Any CPU.Build.0 = Debug|Any CPU
		{03E94FF8-BA0E-4129-9F2E-DE733E3641D4}.Release|Any CPU.ActiveCfg = Release|Any CPU
		{03E94FF8-BA0E-4129-9F2E-DE733E3641D4}.Release|Any CPU.Build.0 = Release|Any CPU
		{760B95CD-A280-4B45-9C90-AE7301C94961}.Debug|Any CPU.ActiveCfg = Debug|Any CPU
		{760B95CD-A280-4B45-9C90-AE7301C94961}.Debug|Any CPU.Build.0 = Debug|Any CPU
		{760B95CD-A280-4B45-9C90-AE7301C94961}.Release|Any CPU.ActiveCfg = Release|Any CPU
		{760B95CD-A280-4B45-9C90-AE7301C94961}.Release|Any CPU.Build.0 = Release|Any CPU
		{275FF668-2CDD-46C0-9595-6051004181C7}.Debug|Any CPU.ActiveCfg = Debug|Any CPU
		{275FF668-2CDD-46C0-9595-6051004181C7}.Debug|Any CPU.Build.0 = Debug|Any CPU
		{275FF668-2CDD-46C0-9595-6051004181C7}.Release|Any CPU.ActiveCfg = Release|Any CPU
		{275FF668-2CDD-46C0-9595-6051004181C7}.Release|Any CPU.Build.0 = Release|Any CPU
		{3580E0B7-0FBE-4D8D-89C1-4C91F823C894}.Debug|Any CPU.ActiveCfg = Debug|Any CPU
		{3580E0B7-0FBE-4D8D-89C1-4C91F823C894}.Debug|Any CPU.Build.0 = Debug|Any CPU
		{3580E0B7-0FBE-4D8D-89C1-4C91F823C894}.Release|Any CPU.ActiveCfg = Release|Any CPU
		{3580E0B7-0FBE-4D8D-89C1-4C91F823C894}.Release|Any CPU.Build.0 = Release|Any CPU
		{79981D41-15FD-4F80-8909-5BC78F0E09EB}.Debug|Any CPU.ActiveCfg = Debug|Any CPU
		{79981D41-15FD-4F80-8909-5BC78F0E09EB}.Debug|Any CPU.Build.0 = Debug|Any CPU
		{79981D41-15FD-4F80-8909-5BC78F0E09EB}.Release|Any CPU.ActiveCfg = Release|Any CPU
		{79981D41-15FD-4F80-8909-5BC78F0E09EB}.Release|Any CPU.Build.0 = Release|Any CPU
		{2B7A7D01-A40F-4086-8B2C-151E94B0B0B1}.Debug|Any CPU.ActiveCfg = Debug|Any CPU
		{2B7A7D01-A40F-4086-8B2C-151E94B0B0B1}.Debug|Any CPU.Build.0 = Debug|Any CPU
		{2B7A7D01-A40F-4086-8B2C-151E94B0B0B1}.Release|Any CPU.ActiveCfg = Release|Any CPU
		{2B7A7D01-A40F-4086-8B2C-151E94B0B0B1}.Release|Any CPU.Build.0 = Release|Any CPU
		{80045B74-FC1D-433E-8F78-E2020A13D817}.Debug|Any CPU.ActiveCfg = Debug|Any CPU
		{80045B74-FC1D-433E-8F78-E2020A13D817}.Debug|Any CPU.Build.0 = Debug|Any CPU
		{80045B74-FC1D-433E-8F78-E2020A13D817}.Release|Any CPU.ActiveCfg = Release|Any CPU
		{80045B74-FC1D-433E-8F78-E2020A13D817}.Release|Any CPU.Build.0 = Release|Any CPU
		{492E3491-3D2B-404A-99AB-1BF7896680C6}.Debug|Any CPU.ActiveCfg = Debug|Any CPU
		{492E3491-3D2B-404A-99AB-1BF7896680C6}.Debug|Any CPU.Build.0 = Debug|Any CPU
		{492E3491-3D2B-404A-99AB-1BF7896680C6}.Release|Any CPU.ActiveCfg = Release|Any CPU
		{492E3491-3D2B-404A-99AB-1BF7896680C6}.Release|Any CPU.Build.0 = Release|Any CPU
		{FC4D7BAD-D02F-4417-8E99-7B1E9B255F08}.Debug|Any CPU.ActiveCfg = Debug|Any CPU
		{FC4D7BAD-D02F-4417-8E99-7B1E9B255F08}.Debug|Any CPU.Build.0 = Debug|Any CPU
		{FC4D7BAD-D02F-4417-8E99-7B1E9B255F08}.Release|Any CPU.ActiveCfg = Release|Any CPU
		{FC4D7BAD-D02F-4417-8E99-7B1E9B255F08}.Release|Any CPU.Build.0 = Release|Any CPU
		{5B2AAE48-6AB1-46B6-B9F1-0A7A071BF0D4}.Debug|Any CPU.ActiveCfg = Debug|Any CPU
		{5B2AAE48-6AB1-46B6-B9F1-0A7A071BF0D4}.Debug|Any CPU.Build.0 = Debug|Any CPU
		{5B2AAE48-6AB1-46B6-B9F1-0A7A071BF0D4}.Release|Any CPU.ActiveCfg = Release|Any CPU
		{5B2AAE48-6AB1-46B6-B9F1-0A7A071BF0D4}.Release|Any CPU.Build.0 = Release|Any CPU
		{315966B6-2115-4CCD-AD3F-8E0D2C0051DD}.Debug|Any CPU.ActiveCfg = Debug|Any CPU
		{315966B6-2115-4CCD-AD3F-8E0D2C0051DD}.Debug|Any CPU.Build.0 = Debug|Any CPU
		{315966B6-2115-4CCD-AD3F-8E0D2C0051DD}.Release|Any CPU.ActiveCfg = Release|Any CPU
		{315966B6-2115-4CCD-AD3F-8E0D2C0051DD}.Release|Any CPU.Build.0 = Release|Any CPU
		{43EB404B-6A49-46C2-AD58-D8578FCB460A}.Debug|Any CPU.ActiveCfg = Debug|Any CPU
		{43EB404B-6A49-46C2-AD58-D8578FCB460A}.Debug|Any CPU.Build.0 = Debug|Any CPU
		{43EB404B-6A49-46C2-AD58-D8578FCB460A}.Release|Any CPU.ActiveCfg = Release|Any CPU
		{43EB404B-6A49-46C2-AD58-D8578FCB460A}.Release|Any CPU.Build.0 = Release|Any CPU
		{D8D8624D-4A74-4318-B261-686B9691EE6C}.Debug|Any CPU.ActiveCfg = Debug|Any CPU
		{D8D8624D-4A74-4318-B261-686B9691EE6C}.Debug|Any CPU.Build.0 = Debug|Any CPU
		{D8D8624D-4A74-4318-B261-686B9691EE6C}.Release|Any CPU.ActiveCfg = Release|Any CPU
		{D8D8624D-4A74-4318-B261-686B9691EE6C}.Release|Any CPU.Build.0 = Release|Any CPU
		{5642C09F-DBEA-4AFF-AC47-9434E455899E}.Debug|Any CPU.ActiveCfg = Debug|Any CPU
		{5642C09F-DBEA-4AFF-AC47-9434E455899E}.Debug|Any CPU.Build.0 = Debug|Any CPU
		{5642C09F-DBEA-4AFF-AC47-9434E455899E}.Release|Any CPU.ActiveCfg = Release|Any CPU
		{5642C09F-DBEA-4AFF-AC47-9434E455899E}.Release|Any CPU.Build.0 = Release|Any CPU
		{EEDBA9AA-9B38-44AE-9287-8BC8A204A3D8}.Debug|Any CPU.ActiveCfg = Debug|Any CPU
		{EEDBA9AA-9B38-44AE-9287-8BC8A204A3D8}.Debug|Any CPU.Build.0 = Debug|Any CPU
		{EEDBA9AA-9B38-44AE-9287-8BC8A204A3D8}.Release|Any CPU.ActiveCfg = Release|Any CPU
		{EEDBA9AA-9B38-44AE-9287-8BC8A204A3D8}.Release|Any CPU.Build.0 = Release|Any CPU
		{E4EC63E3-82EA-4F29-AE9A-1338EB447CD7}.Debug|Any CPU.ActiveCfg = Debug|Any CPU
		{E4EC63E3-82EA-4F29-AE9A-1338EB447CD7}.Debug|Any CPU.Build.0 = Debug|Any CPU
		{E4EC63E3-82EA-4F29-AE9A-1338EB447CD7}.Release|Any CPU.ActiveCfg = Release|Any CPU
		{E4EC63E3-82EA-4F29-AE9A-1338EB447CD7}.Release|Any CPU.Build.0 = Release|Any CPU
		{575943BA-01F6-4D97-9D58-5D8587C7F9EB}.Debug|Any CPU.ActiveCfg = Debug|Any CPU
		{575943BA-01F6-4D97-9D58-5D8587C7F9EB}.Debug|Any CPU.Build.0 = Debug|Any CPU
		{575943BA-01F6-4D97-9D58-5D8587C7F9EB}.Release|Any CPU.ActiveCfg = Release|Any CPU
		{575943BA-01F6-4D97-9D58-5D8587C7F9EB}.Release|Any CPU.Build.0 = Release|Any CPU
	EndGlobalSection
	GlobalSection(SolutionProperties) = preSolution
		HideSolutionNode = FALSE
	EndGlobalSection
	GlobalSection(NestedProjects) = preSolution
		{E011A25B-4920-4F8E-8373-58EB9AFE8991} = {77D5C878-C9C7-4CBD-8DBC-55EC95AEF83B}
		{06906C49-E38B-4899-B3BF-929010185F69} = {2166B7DB-002F-4F9D-A388-E6392EC099F4}
		{248E1780-F838-494C-BC20-D2D9C5EE3BB0} = {C1A2EAB9-D118-46C2-BD7B-07F5187347F5}
		{A39696FF-EC21-4173-8B19-04DC32A136F3} = {C1A2EAB9-D118-46C2-BD7B-07F5187347F5}
		{2CB4DC66-57B7-4D80-9C43-F3278BF76248} = {77D5C878-C9C7-4CBD-8DBC-55EC95AEF83B}
		{03E94FF8-BA0E-4129-9F2E-DE733E3641D4} = {C1A2EAB9-D118-46C2-BD7B-07F5187347F5}
		{760B95CD-A280-4B45-9C90-AE7301C94961} = {2166B7DB-002F-4F9D-A388-E6392EC099F4}
		{275FF668-2CDD-46C0-9595-6051004181C7} = {77D5C878-C9C7-4CBD-8DBC-55EC95AEF83B}
		{3580E0B7-0FBE-4D8D-89C1-4C91F823C894} = {2166B7DB-002F-4F9D-A388-E6392EC099F4}
		{79981D41-15FD-4F80-8909-5BC78F0E09EB} = {1D3F044B-5461-41C2-9392-D6C8E03EF23B}
		{2B7A7D01-A40F-4086-8B2C-151E94B0B0B1} = {77D5C878-C9C7-4CBD-8DBC-55EC95AEF83B}
		{80045B74-FC1D-433E-8F78-E2020A13D817} = {77D5C878-C9C7-4CBD-8DBC-55EC95AEF83B}
		{492E3491-3D2B-404A-99AB-1BF7896680C6} = {2166B7DB-002F-4F9D-A388-E6392EC099F4}
		{FC4D7BAD-D02F-4417-8E99-7B1E9B255F08} = {77D5C878-C9C7-4CBD-8DBC-55EC95AEF83B}
		{5B2AAE48-6AB1-46B6-B9F1-0A7A071BF0D4} = {2166B7DB-002F-4F9D-A388-E6392EC099F4}
		{315966B6-2115-4CCD-AD3F-8E0D2C0051DD} = {2166B7DB-002F-4F9D-A388-E6392EC099F4}
		{43EB404B-6A49-46C2-AD58-D8578FCB460A} = {2166B7DB-002F-4F9D-A388-E6392EC099F4}
		{D8D8624D-4A74-4318-B261-686B9691EE6C} = {0FCAFA2C-CCEC-4402-9A3D-B0336127AD32}
		{5642C09F-DBEA-4AFF-AC47-9434E455899E} = {77D5C878-C9C7-4CBD-8DBC-55EC95AEF83B}
		{EEDBA9AA-9B38-44AE-9287-8BC8A204A3D8} = {77D5C878-C9C7-4CBD-8DBC-55EC95AEF83B}
		{E4EC63E3-82EA-4F29-AE9A-1338EB447CD7} = {2166B7DB-002F-4F9D-A388-E6392EC099F4}
		{575943BA-01F6-4D97-9D58-5D8587C7F9EB} = {2166B7DB-002F-4F9D-A388-E6392EC099F4}
		{C1A2EAB9-D118-46C2-BD7B-07F5187347F5} = {2166B7DB-002F-4F9D-A388-E6392EC099F4}
		{2166B7DB-002F-4F9D-A388-E6392EC099F4} = {77D5C878-C9C7-4CBD-8DBC-55EC95AEF83B}
		{3B44C46B-E755-4860-9156-12D18FE037A1} = {0FCAFA2C-CCEC-4402-9A3D-B0336127AD32}
		{97EF5EB6-C507-4522-B3D8-DA566FE78057} = {77D5C878-C9C7-4CBD-8DBC-55EC95AEF83B}
	EndGlobalSection
	GlobalSection(ExtensibilityGlobals) = postSolution
		SolutionGuid = {F755F20D-7289-4A54-960D-0EA94D2A29D7}
	EndGlobalSection
EndGlobal
